
Microsoft Visual Studio Solution File, Format Version 12.00
# Visual Studio Version 17
VisualStudioVersion = 17.6.33723.286
MinimumVisualStudioVersion = 10.0.40219.1
Project("{9A19103F-16F7-4668-BE54-9A1E7A4F7556}") = "01.ConvertMetersToKilometers", "01.ConvertMetersToKilometers\01.ConvertMetersToKilometers.csproj", "{1BC6E90A-04B3-41CC-8C3F-0C6880B5BE57}"
EndProject
Project("{FAE04EC0-301F-11D3-BF4B-00C04F79EFBC}") = "02.PoundsToDollars", "02.PoundsToDollars\02.PoundsToDollars.csproj", "{F13151FE-3C73-4C4D-B56F-979EEAEA624E}"
EndProject
Project("{FAE04EC0-301F-11D3-BF4B-00C04F79EFBC}") = "03.ExactSumOfRealNumbers", "03.ExactSumOfRealNumbers\03.ExactSumOfRealNumbers.csproj", "{DA1D23BF-E06B-43D6-AF53-FEFDCB54E03E}"
EndProject
Project("{FAE04EC0-301F-11D3-BF4B-00C04F79EFBC}") = "04.CenturiesToMinutes", "04.CenturiesToMinutes\04.CenturiesToMinutes.csproj", "{D2996061-6D8E-4638-B975-8DFF163409F4}"
EndProject
Project("{FAE04EC0-301F-11D3-BF4B-00C04F79EFBC}") = "05.SpecialNumbers", "05.SpecialNumbers\05.SpecialNumbers.csproj", "{2D610FE6-DEC6-468D-AD86-FF2E36665F22}"
EndProject
Project("{FAE04EC0-301F-11D3-BF4B-00C04F79EFBC}") = "06.ReversedChars", "06.ReversedChars\06.ReversedChars.csproj", "{08DB4799-958F-4B5F-B167-71B5FEB2F7C9}"
EndProject
Project("{FAE04EC0-301F-11D3-BF4B-00C04F79EFBC}") = "07.ConcatNames", "07.ConcatNames\07.ConcatNames.csproj", "{EB262E8B-90DE-4E44-93A1-0B29771CA883}"
EndProject
Project("{FAE04EC0-301F-11D3-BF4B-00C04F79EFBC}") = "08.TownInfo", "08.TownInfo\08.TownInfo.csproj", "{9E285FDE-0E65-4FA1-BCAB-C635CBD4935F}"
EndProject
Project("{FAE04EC0-301F-11D3-BF4B-00C04F79EFBC}") = "09.CharsToString", "09.CharsToString\09.CharsToString.csproj", "{55EADD2E-E39D-4999-9E83-C427E6AD6CD2}"
EndProject
Project("{FAE04EC0-301F-11D3-BF4B-00C04F79EFBC}") = "10.LowerOrUpper", "10.LowerOrUpper\10.LowerOrUpper.csproj", "{831A92AD-2AFE-4E65-9F30-8B38A4ACDB48}"
EndProject
Project("{FAE04EC0-301F-11D3-BF4B-00C04F79EFBC}") = "11.RefactorVolumeOfPyramid", "11.RefactorVolumeOfPyramid\11.RefactorVolumeOfPyramid.csproj", "{36B5B2C9-4734-406B-A02F-FBD8B93328F3}"
EndProject
Project("{FAE04EC0-301F-11D3-BF4B-00C04F79EFBC}") = "12.RefactorSpecialNumbers", "12.RefactorSpecialNumbers\12.RefactorSpecialNumbers.csproj", "{2E3779AE-BE54-4F9A-9979-65FF3DE37D70}"
EndProject
Global
	GlobalSection(SolutionConfigurationPlatforms) = preSolution
		Debug|Any CPU = Debug|Any CPU
		Release|Any CPU = Release|Any CPU
	EndGlobalSection
	GlobalSection(ProjectConfigurationPlatforms) = postSolution
		{1BC6E90A-04B3-41CC-8C3F-0C6880B5BE57}.Debug|Any CPU.ActiveCfg = Debug|Any CPU
		{1BC6E90A-04B3-41CC-8C3F-0C6880B5BE57}.Debug|Any CPU.Build.0 = Debug|Any CPU
		{1BC6E90A-04B3-41CC-8C3F-0C6880B5BE57}.Release|Any CPU.ActiveCfg = Release|Any CPU
		{1BC6E90A-04B3-41CC-8C3F-0C6880B5BE57}.Release|Any CPU.Build.0 = Release|Any CPU
		{F13151FE-3C73-4C4D-B56F-979EEAEA624E}.Debug|Any CPU.ActiveCfg = Debug|Any CPU
		{F13151FE-3C73-4C4D-B56F-979EEAEA624E}.Debug|Any CPU.Build.0 = Debug|Any CPU
		{F13151FE-3C73-4C4D-B56F-979EEAEA624E}.Release|Any CPU.ActiveCfg = Release|Any CPU
		{F13151FE-3C73-4C4D-B56F-979EEAEA624E}.Release|Any CPU.Build.0 = Release|Any CPU
		{DA1D23BF-E06B-43D6-AF53-FEFDCB54E03E}.Debug|Any CPU.ActiveCfg = Debug|Any CPU
		{DA1D23BF-E06B-43D6-AF53-FEFDCB54E03E}.Debug|Any CPU.Build.0 = Debug|Any CPU
		{DA1D23BF-E06B-43D6-AF53-FEFDCB54E03E}.Release|Any CPU.ActiveCfg = Release|Any CPU
		{DA1D23BF-E06B-43D6-AF53-FEFDCB54E03E}.Release|Any CPU.Build.0 = Release|Any CPU
		{D2996061-6D8E-4638-B975-8DFF163409F4}.Debug|Any CPU.ActiveCfg = Debug|Any CPU
		{D2996061-6D8E-4638-B975-8DFF163409F4}.Debug|Any CPU.Build.0 = Debug|Any CPU
		{D2996061-6D8E-4638-B975-8DFF163409F4}.Release|Any CPU.ActiveCfg = Release|Any CPU
		{D2996061-6D8E-4638-B975-8DFF163409F4}.Release|Any CPU.Build.0 = Release|Any CPU
		{2D610FE6-DEC6-468D-AD86-FF2E36665F22}.Debug|Any CPU.ActiveCfg = Debug|Any CPU
		{2D610FE6-DEC6-468D-AD86-FF2E36665F22}.Debug|Any CPU.Build.0 = Debug|Any CPU
		{2D610FE6-DEC6-468D-AD86-FF2E36665F22}.Release|Any CPU.ActiveCfg = Release|Any CPU
		{2D610FE6-DEC6-468D-AD86-FF2E36665F22}.Release|Any CPU.Build.0 = Release|Any CPU
		{08DB4799-958F-4B5F-B167-71B5FEB2F7C9}.Debug|Any CPU.ActiveCfg = Debug|Any CPU
		{08DB4799-958F-4B5F-B167-71B5FEB2F7C9}.Debug|Any CPU.Build.0 = Debug|Any CPU
		{08DB4799-958F-4B5F-B167-71B5FEB2F7C9}.Release|Any CPU.ActiveCfg = Release|Any CPU
		{08DB4799-958F-4B5F-B167-71B5FEB2F7C9}.Release|Any CPU.Build.0 = Release|Any CPU
		{EB262E8B-90DE-4E44-93A1-0B29771CA883}.Debug|Any CPU.ActiveCfg = Debug|Any CPU
		{EB262E8B-90DE-4E44-93A1-0B29771CA883}.Debug|Any CPU.Build.0 = Debug|Any CPU
		{EB262E8B-90DE-4E44-93A1-0B29771CA883}.Release|Any CPU.ActiveCfg = Release|Any CPU
		{EB262E8B-90DE-4E44-93A1-0B29771CA883}.Release|Any CPU.Build.0 = Release|Any CPU
		{9E285FDE-0E65-4FA1-BCAB-C635CBD4935F}.Debug|Any CPU.ActiveCfg = Debug|Any CPU
		{9E285FDE-0E65-4FA1-BCAB-C635CBD4935F}.Debug|Any CPU.Build.0 = Debug|Any CPU
		{9E285FDE-0E65-4FA1-BCAB-C635CBD4935F}.Release|Any CPU.ActiveCfg = Release|Any CPU
		{9E285FDE-0E65-4FA1-BCAB-C635CBD4935F}.Release|Any CPU.Build.0 = Release|Any CPU
		{55EADD2E-E39D-4999-9E83-C427E6AD6CD2}.Debug|Any CPU.ActiveCfg = Debug|Any CPU
		{55EADD2E-E39D-4999-9E83-C427E6AD6CD2}.Debug|Any CPU.Build.0 = Debug|Any CPU
		{55EADD2E-E39D-4999-9E83-C427E6AD6CD2}.Release|Any CPU.ActiveCfg = Release|Any CPU
		{55EADD2E-E39D-4999-9E83-C427E6AD6CD2}.Release|Any CPU.Build.0 = Release|Any CPU
		{831A92AD-2AFE-4E65-9F30-8B38A4ACDB48}.Debug|Any CPU.ActiveCfg = Debug|Any CPU
		{831A92AD-2AFE-4E65-9F30-8B38A4ACDB48}.Debug|Any CPU.Build.0 = Debug|Any CPU
		{831A92AD-2AFE-4E65-9F30-8B38A4ACDB48}.Release|Any CPU.ActiveCfg = Release|Any CPU
		{831A92AD-2AFE-4E65-9F30-8B38A4ACDB48}.Release|Any CPU.Build.0 = Release|Any CPU
		{36B5B2C9-4734-406B-A02F-FBD8B93328F3}.Debug|Any CPU.ActiveCfg = Debug|Any CPU
		{36B5B2C9-4734-406B-A02F-FBD8B93328F3}.Debug|Any CPU.Build.0 = Debug|Any CPU
		{36B5B2C9-4734-406B-A02F-FBD8B93328F3}.Release|Any CPU.ActiveCfg = Release|Any CPU
		{36B5B2C9-4734-406B-A02F-FBD8B93328F3}.Release|Any CPU.Build.0 = Release|Any CPU
		{2E3779AE-BE54-4F9A-9979-65FF3DE37D70}.Debug|Any CPU.ActiveCfg = Debug|Any CPU
		{2E3779AE-BE54-4F9A-9979-65FF3DE37D70}.Debug|Any CPU.Build.0 = Debug|Any CPU
		{2E3779AE-BE54-4F9A-9979-65FF3DE37D70}.Release|Any CPU.ActiveCfg = Release|Any CPU
		{2E3779AE-BE54-4F9A-9979-65FF3DE37D70}.Release|Any CPU.Build.0 = Release|Any CPU
	EndGlobalSection
	GlobalSection(SolutionProperties) = preSolution
		HideSolutionNode = FALSE
	EndGlobalSection
	GlobalSection(ExtensibilityGlobals) = postSolution
		SolutionGuid = {920024C2-093C-47FE-AC88-FB8E376019C1}
	EndGlobalSection
EndGlobal
